
Microsoft Visual Studio Solution File, Format Version 12.00
# Visual Studio Version 17
VisualStudioVersion = 17.5.33627.172
MinimumVisualStudioVersion = 10.0.40219.1
Project("{9A19103F-16F7-4668-BE54-9A1E7A4F7556}") = "ProductifyBackend", "ProductifyBackend.csproj", "{1ACC4987-D845-4BCD-A1F3-383006451D6B}"
EndProject
Project("{9A19103F-16F7-4668-BE54-9A1E7A4F7556}") = "Contracts", "..\Contracts\Contracts.csproj", "{B8CFD3A0-2B2D-4665-A604-7178B2B5A58A}"
EndProject
Project("{9A19103F-16F7-4668-BE54-9A1E7A4F7556}") = "LoggerService", "..\LoggerService\LoggerService.csproj", "{28F63A74-AF51-4456-ADFC-4D8F3BBD0DDC}"
EndProject
Project("{9A19103F-16F7-4668-BE54-9A1E7A4F7556}") = "Entities", "..\Entities\Entities.csproj", "{51F3C741-EDAB-440B-BD90-C58079BEA9CA}"
EndProject
Project("{9A19103F-16F7-4668-BE54-9A1E7A4F7556}") = "Repository", "..\Repository\Repository.csproj", "{0DF81612-D4D7-44BB-BC63-34E7C4F5EE28}"
EndProject
Project("{9A19103F-16F7-4668-BE54-9A1E7A4F7556}") = "Service.Contract", "..\Service.Contract\Service.Contract.csproj", "{F5847307-55C6-47C0-B3F2-0E1312583666}"
EndProject
Project("{9A19103F-16F7-4668-BE54-9A1E7A4F7556}") = "Service", "..\Service\Service.csproj", "{69A0B9FB-3E78-4DD7-8194-17653FEE8E19}"
EndProject
Project("{FAE04EC0-301F-11D3-BF4B-00C04F79EFBC}") = "ProductifyBackend.Presentation", "..\ProductifyBackend.Presentation\ProductifyBackend.Presentation.csproj", "{747D97FF-6A6D-4D71-B615-CF20F2ADFC39}"
EndProject
Project("{FAE04EC0-301F-11D3-BF4B-00C04F79EFBC}") = "Shared", "..\Shared\Shared.csproj", "{A6DA1F0C-BCC7-4316-9701-CD56B608521F}"
EndProject
Global
	GlobalSection(SolutionConfigurationPlatforms) = preSolution
		Debug|Any CPU = Debug|Any CPU
		Release|Any CPU = Release|Any CPU
	EndGlobalSection
	GlobalSection(ProjectConfigurationPlatforms) = postSolution
		{1ACC4987-D845-4BCD-A1F3-383006451D6B}.Debug|Any CPU.ActiveCfg = Debug|Any CPU
		{1ACC4987-D845-4BCD-A1F3-383006451D6B}.Debug|Any CPU.Build.0 = Debug|Any CPU
		{1ACC4987-D845-4BCD-A1F3-383006451D6B}.Release|Any CPU.ActiveCfg = Release|Any CPU
		{1ACC4987-D845-4BCD-A1F3-383006451D6B}.Release|Any CPU.Build.0 = Release|Any CPU
		{B8CFD3A0-2B2D-4665-A604-7178B2B5A58A}.Debug|Any CPU.ActiveCfg = Debug|Any CPU
		{B8CFD3A0-2B2D-4665-A604-7178B2B5A58A}.Debug|Any CPU.Build.0 = Debug|Any CPU
		{B8CFD3A0-2B2D-4665-A604-7178B2B5A58A}.Release|Any CPU.ActiveCfg = Release|Any CPU
		{B8CFD3A0-2B2D-4665-A604-7178B2B5A58A}.Release|Any CPU.Build.0 = Release|Any CPU
		{28F63A74-AF51-4456-ADFC-4D8F3BBD0DDC}.Debug|Any CPU.ActiveCfg = Debug|Any CPU
		{28F63A74-AF51-4456-ADFC-4D8F3BBD0DDC}.Debug|Any CPU.Build.0 = Debug|Any CPU
		{28F63A74-AF51-4456-ADFC-4D8F3BBD0DDC}.Release|Any CPU.ActiveCfg = Release|Any CPU
		{28F63A74-AF51-4456-ADFC-4D8F3BBD0DDC}.Release|Any CPU.Build.0 = Release|Any CPU
		{51F3C741-EDAB-440B-BD90-C58079BEA9CA}.Debug|Any CPU.ActiveCfg = Debug|Any CPU
		{51F3C741-EDAB-440B-BD90-C58079BEA9CA}.Debug|Any CPU.Build.0 = Debug|Any CPU
		{51F3C741-EDAB-440B-BD90-C58079BEA9CA}.Release|Any CPU.ActiveCfg = Release|Any CPU
		{51F3C741-EDAB-440B-BD90-C58079BEA9CA}.Release|Any CPU.Build.0 = Release|Any CPU
		{0DF81612-D4D7-44BB-BC63-34E7C4F5EE28}.Debug|Any CPU.ActiveCfg = Debug|Any CPU
		{0DF81612-D4D7-44BB-BC63-34E7C4F5EE28}.Debug|Any CPU.Build.0 = Debug|Any CPU
		{0DF81612-D4D7-44BB-BC63-34E7C4F5EE28}.Release|Any CPU.ActiveCfg = Release|Any CPU
		{0DF81612-D4D7-44BB-BC63-34E7C4F5EE28}.Release|Any CPU.Build.0 = Release|Any CPU
		{F5847307-55C6-47C0-B3F2-0E1312583666}.Debug|Any CPU.ActiveCfg = Debug|Any CPU
		{F5847307-55C6-47C0-B3F2-0E1312583666}.Debug|Any CPU.Build.0 = Debug|Any CPU
		{F5847307-55C6-47C0-B3F2-0E1312583666}.Release|Any CPU.ActiveCfg = Release|Any CPU
		{F5847307-55C6-47C0-B3F2-0E1312583666}.Release|Any CPU.Build.0 = Release|Any CPU
		{69A0B9FB-3E78-4DD7-8194-17653FEE8E19}.Debug|Any CPU.ActiveCfg = Debug|Any CPU
		{69A0B9FB-3E78-4DD7-8194-17653FEE8E19}.Debug|Any CPU.Build.0 = Debug|Any CPU
		{69A0B9FB-3E78-4DD7-8194-17653FEE8E19}.Release|Any CPU.ActiveCfg = Release|Any CPU
		{69A0B9FB-3E78-4DD7-8194-17653FEE8E19}.Release|Any CPU.Build.0 = Release|Any CPU
		{747D97FF-6A6D-4D71-B615-CF20F2ADFC39}.Debug|Any CPU.ActiveCfg = Debug|Any CPU
		{747D97FF-6A6D-4D71-B615-CF20F2ADFC39}.Debug|Any CPU.Build.0 = Debug|Any CPU
		{747D97FF-6A6D-4D71-B615-CF20F2ADFC39}.Release|Any CPU.ActiveCfg = Release|Any CPU
		{747D97FF-6A6D-4D71-B615-CF20F2ADFC39}.Release|Any CPU.Build.0 = Release|Any CPU
		{A6DA1F0C-BCC7-4316-9701-CD56B608521F}.Debug|Any CPU.ActiveCfg = Debug|Any CPU
		{A6DA1F0C-BCC7-4316-9701-CD56B608521F}.Debug|Any CPU.Build.0 = Debug|Any CPU
		{A6DA1F0C-BCC7-4316-9701-CD56B608521F}.Release|Any CPU.ActiveCfg = Release|Any CPU
		{A6DA1F0C-BCC7-4316-9701-CD56B608521F}.Release|Any CPU.Build.0 = Release|Any CPU
	EndGlobalSection
	GlobalSection(SolutionProperties) = preSolution
		HideSolutionNode = FALSE
	EndGlobalSection
	GlobalSection(ExtensibilityGlobals) = postSolution
		SolutionGuid = {28801604-CBAB-4A87-90ED-E3EC68B011BE}
	EndGlobalSection
EndGlobal
